// !$*UTF8*$!
{
	archiveVersion = 1;
	classes = {
	};
	objectVersion = 46;
	objects = {

/* Begin PBXBuildFile section */
		8B6F177D2676289C00C4A3E9 /* Foundation.framework in Frameworks */ = {isa = PBXBuildFile; fileRef = 8B6F177C2676289C00C4A3E9 /* Foundation.framework */; };
		8B6F177F2676289C00C4A3E9 /* CoreGraphics.framework in Frameworks */ = {isa = PBXBuildFile; fileRef = 8B6F177E2676289C00C4A3E9 /* CoreGraphics.framework */; };
		8B6F17812676289C00C4A3E9 /* UIKit.framework in Frameworks */ = {isa = PBXBuildFile; fileRef = 8B6F17802676289C00C4A3E9 /* UIKit.framework */; };
		8B6F17832676289C00C4A3E9 /* CoreData.framework in Frameworks */ = {isa = PBXBuildFile; fileRef = 8B6F17822676289C00C4A3E9 /* CoreData.framework */; };
		8B6F17892676289C00C4A3E9 /* InfoPlist.strings in Resources */ = {isa = PBXBuildFile; fileRef = 8B6F17872676289C00C4A3E9 /* InfoPlist.strings */; };
		8B6F178B2676289C00C4A3E9 /* main.m in Sources */ = {isa = PBXBuildFile; fileRef = 8B6F178A2676289C00C4A3E9 /* main.m */; };
		8B6F178F2676289C00C4A3E9 /* AppDelegate.m in Sources */ = {isa = PBXBuildFile; fileRef = 8B6F178E2676289C00C4A3E9 /* AppDelegate.m */; };
		8B6F17922676289C00C4A3E9 /* Main_iPhone.storyboard in Resources */ = {isa = PBXBuildFile; fileRef = 8B6F17902676289C00C4A3E9 /* Main_iPhone.storyboard */; };
		8B6F17952676289C00C4A3E9 /* Main_iPad.storyboard in Resources */ = {isa = PBXBuildFile; fileRef = 8B6F17932676289C00C4A3E9 /* Main_iPad.storyboard */; };
		8B6F17982676289C00C4A3E9 /* RiderTracker.xcdatamodeld in Sources */ = {isa = PBXBuildFile; fileRef = 8B6F17962676289C00C4A3E9 /* RiderTracker.xcdatamodeld */; };
		8B6F179B2676289C00C4A3E9 /* MasterViewController.m in Sources */ = {isa = PBXBuildFile; fileRef = 8B6F179A2676289C00C4A3E9 /* MasterViewController.m */; };
		8B6F179E2676289C00C4A3E9 /* DetailViewController.m in Sources */ = {isa = PBXBuildFile; fileRef = 8B6F179D2676289C00C4A3E9 /* DetailViewController.m */; };
		8B6F17A02676289C00C4A3E9 /* Images.xcassets in Resources */ = {isa = PBXBuildFile; fileRef = 8B6F179F2676289C00C4A3E9 /* Images.xcassets */; };
		8B6F17A72676289C00C4A3E9 /* XCTest.framework in Frameworks */ = {isa = PBXBuildFile; fileRef = 8B6F17A62676289C00C4A3E9 /* XCTest.framework */; };
		8B6F17A82676289C00C4A3E9 /* Foundation.framework in Frameworks */ = {isa = PBXBuildFile; fileRef = 8B6F177C2676289C00C4A3E9 /* Foundation.framework */; };
		8B6F17A92676289C00C4A3E9 /* UIKit.framework in Frameworks */ = {isa = PBXBuildFile; fileRef = 8B6F17802676289C00C4A3E9 /* UIKit.framework */; };
		8B6F17AA2676289C00C4A3E9 /* CoreData.framework in Frameworks */ = {isa = PBXBuildFile; fileRef = 8B6F17822676289C00C4A3E9 /* CoreData.framework */; };
		8B6F17B22676289C00C4A3E9 /* InfoPlist.strings in Resources */ = {isa = PBXBuildFile; fileRef = 8B6F17B02676289C00C4A3E9 /* InfoPlist.strings */; };
		8B6F17B42676289C00C4A3E9 /* RiderTrackerTests.m in Sources */ = {isa = PBXBuildFile; fileRef = 8B6F17B32676289C00C4A3E9 /* RiderTrackerTests.m */; };
/* End PBXBuildFile section */

/* Begin PBXContainerItemProxy section */
		8B6F17AB2676289C00C4A3E9 /* PBXContainerItemProxy */ = {
			isa = PBXContainerItemProxy;
			containerPortal = 8B6F17712676289C00C4A3E9 /* Project object */;
			proxyType = 1;
			remoteGlobalIDString = 8B6F17782676289C00C4A3E9;
			remoteInfo = RiderTracker;
		};
/* End PBXContainerItemProxy section */

/* Begin PBXFileReference section */
		8B6F17792676289C00C4A3E9 /* RiderTracker.app */ = {isa = PBXFileReference; explicitFileType = wrapper.application; includeInIndex = 0; path = RiderTracker.app; sourceTree = BUILT_PRODUCTS_DIR; };
		8B6F177C2676289C00C4A3E9 /* Foundation.framework */ = {isa = PBXFileReference; lastKnownFileType = wrapper.framework; name = Foundation.framework; path = System/Library/Frameworks/Foundation.framework; sourceTree = SDKROOT; };
		8B6F177E2676289C00C4A3E9 /* CoreGraphics.framework */ = {isa = PBXFileReference; lastKnownFileType = wrapper.framework; name = CoreGraphics.framework; path = System/Library/Frameworks/CoreGraphics.framework; sourceTree = SDKROOT; };
		8B6F17802676289C00C4A3E9 /* UIKit.framework */ = {isa = PBXFileReference; lastKnownFileType = wrapper.framework; name = UIKit.framework; path = System/Library/Frameworks/UIKit.framework; sourceTree = SDKROOT; };
		8B6F17822676289C00C4A3E9 /* CoreData.framework */ = {isa = PBXFileReference; lastKnownFileType = wrapper.framework; name = CoreData.framework; path = System/Library/Frameworks/CoreData.framework; sourceTree = SDKROOT; };
		8B6F17862676289C00C4A3E9 /* RiderTracker-Info.plist */ = {isa = PBXFileReference; lastKnownFileType = text.plist.xml; path = "RiderTracker-Info.plist"; sourceTree = "<group>"; };
		8B6F17882676289C00C4A3E9 /* en */ = {isa = PBXFileReference; lastKnownFileType = text.plist.strings; name = en; path = en.lproj/InfoPlist.strings; sourceTree = "<group>"; };
		8B6F178A2676289C00C4A3E9 /* main.m */ = {isa = PBXFileReference; lastKnownFileType = sourcecode.c.objc; path = main.m; sourceTree = "<group>"; };
		8B6F178C2676289C00C4A3E9 /* RiderTracker-Prefix.pch */ = {isa = PBXFileReference; lastKnownFileType = sourcecode.c.h; path = "RiderTracker-Prefix.pch"; sourceTree = "<group>"; };
		8B6F178D2676289C00C4A3E9 /* AppDelegate.h */ = {isa = PBXFileReference; lastKnownFileType = sourcecode.c.h; path = AppDelegate.h; sourceTree = "<group>"; };
		8B6F178E2676289C00C4A3E9 /* AppDelegate.m */ = {isa = PBXFileReference; lastKnownFileType = sourcecode.c.objc; path = AppDelegate.m; sourceTree = "<group>"; };
		8B6F17912676289C00C4A3E9 /* Base */ = {isa = PBXFileReference; lastKnownFileType = file.storyboard; name = Base; path = Base.lproj/Main_iPhone.storyboard; sourceTree = "<group>"; };
		8B6F17942676289C00C4A3E9 /* Base */ = {isa = PBXFileReference; lastKnownFileType = file.storyboard; name = Base; path = Base.lproj/Main_iPad.storyboard; sourceTree = "<group>"; };
		8B6F17972676289C00C4A3E9 /* RiderTracker.xcdatamodel */ = {isa = PBXFileReference; lastKnownFileType = wrapper.xcdatamodel; path = RiderTracker.xcdatamodel; sourceTree = "<group>"; };
		8B6F17992676289C00C4A3E9 /* MasterViewController.h */ = {isa = PBXFileReference; lastKnownFileType = sourcecode.c.h; path = MasterViewController.h; sourceTree = "<group>"; };
		8B6F179A2676289C00C4A3E9 /* MasterViewController.m */ = {isa = PBXFileReference; lastKnownFileType = sourcecode.c.objc; path = MasterViewController.m; sourceTree = "<group>"; };
		8B6F179C2676289C00C4A3E9 /* DetailViewController.h */ = {isa = PBXFileReference; lastKnownFileType = sourcecode.c.h; path = DetailViewController.h; sourceTree = "<group>"; };
		8B6F179D2676289C00C4A3E9 /* DetailViewController.m */ = {isa = PBXFileReference; lastKnownFileType = sourcecode.c.objc; path = DetailViewController.m; sourceTree = "<group>"; };
		8B6F179F2676289C00C4A3E9 /* Images.xcassets */ = {isa = PBXFileReference; lastKnownFileType = folder.assetcatalog; path = Images.xcassets; sourceTree = "<group>"; };
		8B6F17A52676289C00C4A3E9 /* RiderTrackerTests.xctest */ = {isa = PBXFileReference; explicitFileType = wrapper.cfbundle; includeInIndex = 0; path = RiderTrackerTests.xctest; sourceTree = BUILT_PRODUCTS_DIR; };
		8B6F17A62676289C00C4A3E9 /* XCTest.framework */ = {isa = PBXFileReference; lastKnownFileType = wrapper.framework; name = XCTest.framework; path = Library/Frameworks/XCTest.framework; sourceTree = DEVELOPER_DIR; };
		8B6F17AF2676289C00C4A3E9 /* RiderTrackerTests-Info.plist */ = {isa = PBXFileReference; lastKnownFileType = text.plist.xml; path = "RiderTrackerTests-Info.plist"; sourceTree = "<group>"; };
		8B6F17B12676289C00C4A3E9 /* en */ = {isa = PBXFileReference; lastKnownFileType = text.plist.strings; name = en; path = en.lproj/InfoPlist.strings; sourceTree = "<group>"; };
		8B6F17B32676289C00C4A3E9 /* RiderTrackerTests.m */ = {isa = PBXFileReference; lastKnownFileType = sourcecode.c.objc; path = RiderTrackerTests.m; sourceTree = "<group>"; };
/* End PBXFileReference section */

/* Begin PBXFrameworksBuildPhase section */
		8B6F17762676289C00C4A3E9 /* Frameworks */ = {
			isa = PBXFrameworksBuildPhase;
			buildActionMask = 2147483647;
			files = (
				8B6F177F2676289C00C4A3E9 /* CoreGraphics.framework in Frameworks */,
				8B6F17832676289C00C4A3E9 /* CoreData.framework in Frameworks */,
				8B6F17812676289C00C4A3E9 /* UIKit.framework in Frameworks */,
				8B6F177D2676289C00C4A3E9 /* Foundation.framework in Frameworks */,
			);
			runOnlyForDeploymentPostprocessing = 0;
		};
		8B6F17A22676289C00C4A3E9 /* Frameworks */ = {
			isa = PBXFrameworksBuildPhase;
			buildActionMask = 2147483647;
			files = (
				8B6F17A72676289C00C4A3E9 /* XCTest.framework in Frameworks */,
				8B6F17AA2676289C00C4A3E9 /* CoreData.framework in Frameworks */,
				8B6F17A92676289C00C4A3E9 /* UIKit.framework in Frameworks */,
				8B6F17A82676289C00C4A3E9 /* Foundation.framework in Frameworks */,
			);
			runOnlyForDeploymentPostprocessing = 0;
		};
/* End PBXFrameworksBuildPhase section */

/* Begin PBXGroup section */
		8B6F17702676289C00C4A3E9 = {
			isa = PBXGroup;
			children = (
				8B6F17842676289C00C4A3E9 /* RiderTracker */,
				8B6F17AD2676289C00C4A3E9 /* RiderTrackerTests */,
				8B6F177B2676289C00C4A3E9 /* Frameworks */,
				8B6F177A2676289C00C4A3E9 /* Products */,
			);
			sourceTree = "<group>";
		};
		8B6F177A2676289C00C4A3E9 /* Products */ = {
			isa = PBXGroup;
			children = (
				8B6F17792676289C00C4A3E9 /* RiderTracker.app */,
				8B6F17A52676289C00C4A3E9 /* RiderTrackerTests.xctest */,
			);
			name = Products;
			sourceTree = "<group>";
		};
		8B6F177B2676289C00C4A3E9 /* Frameworks */ = {
			isa = PBXGroup;
			children = (
				8B6F177C2676289C00C4A3E9 /* Foundation.framework */,
				8B6F177E2676289C00C4A3E9 /* CoreGraphics.framework */,
				8B6F17802676289C00C4A3E9 /* UIKit.framework */,
				8B6F17822676289C00C4A3E9 /* CoreData.framework */,
				8B6F17A62676289C00C4A3E9 /* XCTest.framework */,
			);
			name = Frameworks;
			sourceTree = "<group>";
		};
		8B6F17842676289C00C4A3E9 /* RiderTracker */ = {
			isa = PBXGroup;
			children = (
				8B6F178D2676289C00C4A3E9 /* AppDelegate.h */,
				8B6F178E2676289C00C4A3E9 /* AppDelegate.m */,
				8B6F17902676289C00C4A3E9 /* Main_iPhone.storyboard */,
				8B6F17932676289C00C4A3E9 /* Main_iPad.storyboard */,
				8B6F17992676289C00C4A3E9 /* MasterViewController.h */,
				8B6F179A2676289C00C4A3E9 /* MasterViewController.m */,
				8B6F179C2676289C00C4A3E9 /* DetailViewController.h */,
				8B6F179D2676289C00C4A3E9 /* DetailViewController.m */,
				8B6F179F2676289C00C4A3E9 /* Images.xcassets */,
				8B6F17962676289C00C4A3E9 /* RiderTracker.xcdatamodeld */,
				8B6F17852676289C00C4A3E9 /* Supporting Files */,
			);
			path = RiderTracker;
			sourceTree = "<group>";
		};
		8B6F17852676289C00C4A3E9 /* Supporting Files */ = {
			isa = PBXGroup;
			children = (
				8B6F17862676289C00C4A3E9 /* RiderTracker-Info.plist */,
				8B6F17872676289C00C4A3E9 /* InfoPlist.strings */,
				8B6F178A2676289C00C4A3E9 /* main.m */,
				8B6F178C2676289C00C4A3E9 /* RiderTracker-Prefix.pch */,
			);
			name = "Supporting Files";
			sourceTree = "<group>";
		};
		8B6F17AD2676289C00C4A3E9 /* RiderTrackerTests */ = {
			isa = PBXGroup;
			children = (
				8B6F17B32676289C00C4A3E9 /* RiderTrackerTests.m */,
				8B6F17AE2676289C00C4A3E9 /* Supporting Files */,
			);
			path = RiderTrackerTests;
			sourceTree = "<group>";
		};
		8B6F17AE2676289C00C4A3E9 /* Supporting Files */ = {
			isa = PBXGroup;
			children = (
				8B6F17AF2676289C00C4A3E9 /* RiderTrackerTests-Info.plist */,
				8B6F17B02676289C00C4A3E9 /* InfoPlist.strings */,
			);
			name = "Supporting Files";
			sourceTree = "<group>";
		};
/* End PBXGroup section */

/* Begin PBXNativeTarget section */
		8B6F17782676289C00C4A3E9 /* RiderTracker */ = {
			isa = PBXNativeTarget;
			buildConfigurationList = 8B6F17B72676289C00C4A3E9 /* Build configuration list for PBXNativeTarget "RiderTracker" */;
			buildPhases = (
				8B6F17752676289C00C4A3E9 /* Sources */,
				8B6F17762676289C00C4A3E9 /* Frameworks */,
				8B6F17772676289C00C4A3E9 /* Resources */,
			);
			buildRules = (
			);
			dependencies = (
			);
			name = RiderTracker;
			productName = RiderTracker;
			productReference = 8B6F17792676289C00C4A3E9 /* RiderTracker.app */;
			productType = "com.apple.product-type.application";
		};
		8B6F17A42676289C00C4A3E9 /* RiderTrackerTests */ = {
			isa = PBXNativeTarget;
			buildConfigurationList = 8B6F17BA2676289C00C4A3E9 /* Build configuration list for PBXNativeTarget "RiderTrackerTests" */;
			buildPhases = (
				8B6F17A12676289C00C4A3E9 /* Sources */,
				8B6F17A22676289C00C4A3E9 /* Frameworks */,
				8B6F17A32676289C00C4A3E9 /* Resources */,
			);
			buildRules = (
			);
			dependencies = (
				8B6F17AC2676289C00C4A3E9 /* PBXTargetDependency */,
			);
			name = RiderTrackerTests;
			productName = RiderTrackerTests;
			productReference = 8B6F17A52676289C00C4A3E9 /* RiderTrackerTests.xctest */;
			productType = "com.apple.product-type.bundle.unit-test";
		};
/* End PBXNativeTarget section */

/* Begin PBXProject section */
		8B6F17712676289C00C4A3E9 /* Project object */ = {
			isa = PBXProject;
			attributes = {
				LastUpgradeCheck = 0510;
				ORGANIZATIONNAME = "___FULLUSERNAME___";
				TargetAttributes = {
					8B6F17A42676289C00C4A3E9 = {
						TestTargetID = 8B6F17782676289C00C4A3E9;
					};
				};
			};
			buildConfigurationList = 8B6F17742676289C00C4A3E9 /* Build configuration list for PBXProject "RiderTracker" */;
			compatibilityVersion = "Xcode 3.2";
			developmentRegion = English;
			hasScannedForEncodings = 0;
			knownRegions = (
				en,
				Base,
			);
			mainGroup = 8B6F17702676289C00C4A3E9;
			productRefGroup = 8B6F177A2676289C00C4A3E9 /* Products */;
			projectDirPath = "";
			projectRoot = "";
			targets = (
				8B6F17782676289C00C4A3E9 /* RiderTracker */,
				8B6F17A42676289C00C4A3E9 /* RiderTrackerTests */,
			);
		};
/* End PBXProject section */

/* Begin PBXResourcesBuildPhase section */
		8B6F17772676289C00C4A3E9 /* Resources */ = {
			isa = PBXResourcesBuildPhase;
			buildActionMask = 2147483647;
			files = (
				8B6F17952676289C00C4A3E9 /* Main_iPad.storyboard in Resources */,
				8B6F17A02676289C00C4A3E9 /* Images.xcassets in Resources */,
				8B6F17922676289C00C4A3E9 /* Main_iPhone.storyboard in Resources */,
				8B6F17892676289C00C4A3E9 /* InfoPlist.strings in Resources */,
			);
			runOnlyForDeploymentPostprocessing = 0;
		};
		8B6F17A32676289C00C4A3E9 /* Resources */ = {
			isa = PBXResourcesBuildPhase;
			buildActionMask = 2147483647;
			files = (
				8B6F17B22676289C00C4A3E9 /* InfoPlist.strings in Resources */,
			);
			runOnlyForDeploymentPostprocessing = 0;
		};
/* End PBXResourcesBuildPhase section */

/* Begin PBXSourcesBuildPhase section */
		8B6F17752676289C00C4A3E9 /* Sources */ = {
			isa = PBXSourcesBuildPhase;
			buildActionMask = 2147483647;
			files = (
				8B6F179E2676289C00C4A3E9 /* DetailViewController.m in Sources */,
				8B6F179B2676289C00C4A3E9 /* MasterViewController.m in Sources */,
				8B6F178F2676289C00C4A3E9 /* AppDelegate.m in Sources */,
				8B6F178B2676289C00C4A3E9 /* main.m in Sources */,
				8B6F17982676289C00C4A3E9 /* RiderTracker.xcdatamodeld in Sources */,
			);
			runOnlyForDeploymentPostprocessing = 0;
		};
		8B6F17A12676289C00C4A3E9 /* Sources */ = {
			isa = PBXSourcesBuildPhase;
			buildActionMask = 2147483647;
			files = (
				8B6F17B42676289C00C4A3E9 /* RiderTrackerTests.m in Sources */,
			);
			runOnlyForDeploymentPostprocessing = 0;
		};
/* End PBXSourcesBuildPhase section */

/* Begin PBXTargetDependency section */
		8B6F17AC2676289C00C4A3E9 /* PBXTargetDependency */ = {
			isa = PBXTargetDependency;
			target = 8B6F17782676289C00C4A3E9 /* RiderTracker */;
			targetProxy = 8B6F17AB2676289C00C4A3E9 /* PBXContainerItemProxy */;
		};
/* End PBXTargetDependency section */

/* Begin PBXVariantGroup section */
		8B6F17872676289C00C4A3E9 /* InfoPlist.strings */ = {
			isa = PBXVariantGroup;
			children = (
				8B6F17882676289C00C4A3E9 /* en */,
			);
			name = InfoPlist.strings;
			sourceTree = "<group>";
		};
		8B6F17902676289C00C4A3E9 /* Main_iPhone.storyboard */ = {
			isa = PBXVariantGroup;
			children = (
				8B6F17912676289C00C4A3E9 /* Base */,
			);
			name = Main_iPhone.storyboard;
			sourceTree = "<group>";
		};
		8B6F17932676289C00C4A3E9 /* Main_iPad.storyboard */ = {
			isa = PBXVariantGroup;
			children = (
				8B6F17942676289C00C4A3E9 /* Base */,
			);
			name = Main_iPad.storyboard;
			sourceTree = "<group>";
		};
		8B6F17B02676289C00C4A3E9 /* InfoPlist.strings */ = {
			isa = PBXVariantGroup;
			children = (
				8B6F17B12676289C00C4A3E9 /* en */,
			);
			name = InfoPlist.strings;
			sourceTree = "<group>";
		};
/* End PBXVariantGroup section */

/* Begin XCBuildConfiguration section */
		8B6F17B52676289C00C4A3E9 /* Debug */ = {
			isa = XCBuildConfiguration;
			buildSettings = {
				ALWAYS_SEARCH_USER_PATHS = NO;
				CLANG_CXX_LANGUAGE_STANDARD = "gnu++0x";
				CLANG_CXX_LIBRARY = "libc++";
				CLANG_ENABLE_MODULES = YES;
				CLANG_ENABLE_OBJC_ARC = YES;
				CLANG_WARN_BOOL_CONVERSION = YES;
				CLANG_WARN_CONSTANT_CONVERSION = YES;
				CLANG_WARN_DIRECT_OBJC_ISA_USAGE = YES_ERROR;
				CLANG_WARN_EMPTY_BODY = YES;
				CLANG_WARN_ENUM_CONVERSION = YES;
				CLANG_WARN_INT_CONVERSION = YES;
				CLANG_WARN_OBJC_ROOT_CLASS = YES_ERROR;
				CLANG_WARN__DUPLICATE_METHOD_MATCH = YES;
				"CODE_SIGN_IDENTITY[sdk=iphoneos*]" = "iPhone Developer";
				COPY_PHASE_STRIP = NO;
				GCC_C_LANGUAGE_STANDARD = gnu99;
				GCC_DYNAMIC_NO_PIC = NO;
				GCC_OPTIMIZATION_LEVEL = 0;
				GCC_PREPROCESSOR_DEFINITIONS = (
					"DEBUG=1",
					"$(inherited)",
				);
				GCC_SYMBOLS_PRIVATE_EXTERN = NO;
				GCC_WARN_64_TO_32_BIT_CONVERSION = YES;
				GCC_WARN_ABOUT_RETURN_TYPE = YES_ERROR;
				GCC_WARN_UNDECLARED_SELECTOR = YES;
				GCC_WARN_UNINITIALIZED_AUTOS = YES_AGGRESSIVE;
				GCC_WARN_UNUSED_FUNCTION = YES;
				GCC_WARN_UNUSED_VARIABLE = YES;
				IPHONEOS_DEPLOYMENT_TARGET = 7.1;
				ONLY_ACTIVE_ARCH = YES;
				SDKROOT = iphoneos;
				TARGETED_DEVICE_FAMILY = "1,2";
			};
			name = Debug;
		};
		8B6F17B62676289C00C4A3E9 /* Release */ = {
			isa = XCBuildConfiguration;
			buildSettings = {
				ALWAYS_SEARCH_USER_PATHS = NO;
				CLANG_CXX_LANGUAGE_STANDARD = "gnu++0x";
				CLANG_CXX_LIBRARY = "libc++";
				CLANG_ENABLE_MODULES = YES;
				CLANG_ENABLE_OBJC_ARC = YES;
				CLANG_WARN_BOOL_CONVERSION = YES;
				CLANG_WARN_CONSTANT_CONVERSION = YES;
				CLANG_WARN_DIRECT_OBJC_ISA_USAGE = YES_ERROR;
				CLANG_WARN_EMPTY_BODY = YES;
				CLANG_WARN_ENUM_CONVERSION = YES;
				CLANG_WARN_INT_CONVERSION = YES;
				CLANG_WARN_OBJC_ROOT_CLASS = YES_ERROR;
				CLANG_WARN__DUPLICATE_METHOD_MATCH = YES;
				"CODE_SIGN_IDENTITY[sdk=iphoneos*]" = "iPhone Developer";
				COPY_PHASE_STRIP = YES;
				ENABLE_NS_ASSERTIONS = NO;
				GCC_C_LANGUAGE_STANDARD = gnu99;
				GCC_WARN_64_TO_32_BIT_CONVERSION = YES;
				GCC_WARN_ABOUT_RETURN_TYPE = YES_ERROR;
				GCC_WARN_UNDECLARED_SELECTOR = YES;
				GCC_WARN_UNINITIALIZED_AUTOS = YES_AGGRESSIVE;
				GCC_WARN_UNUSED_FUNCTION = YES;
				GCC_WARN_UNUSED_VARIABLE = YES;
				IPHONEOS_DEPLOYMENT_TARGET = 7.1;
				SDKROOT = iphoneos;
				TARGETED_DEVICE_FAMILY = "1,2";
				VALIDATE_PRODUCT = YES;
			};
			name = Release;
		};
		8B6F17B82676289C00C4A3E9 /* Debug */ = {
			isa = XCBuildConfiguration;
			buildSettings = {
				ASSETCATALOG_COMPILER_APPICON_NAME = AppIcon;
				ASSETCATALOG_COMPILER_LAUNCHIMAGE_NAME = LaunchImage;
				GCC_PRECOMPILE_PREFIX_HEADER = YES;
				GCC_PREFIX_HEADER = "RiderTracker/RiderTracker-Prefix.pch";
				INFOPLIST_FILE = "RiderTracker/RiderTracker-Info.plist";
				PRODUCT_NAME = "$(TARGET_NAME)";
				WRAPPER_EXTENSION = app;
			};
			name = Debug;
		};
		8B6F17B92676289C00C4A3E9 /* Release */ = {
			isa = XCBuildConfiguration;
			buildSettings = {
				ASSETCATALOG_COMPILER_APPICON_NAME = AppIcon;
				ASSETCATALOG_COMPILER_LAUNCHIMAGE_NAME = LaunchImage;
				GCC_PRECOMPILE_PREFIX_HEADER = YES;
				GCC_PREFIX_HEADER = "RiderTracker/RiderTracker-Prefix.pch";
				INFOPLIST_FILE = "RiderTracker/RiderTracker-Info.plist";
				PRODUCT_NAME = "$(TARGET_NAME)";
				WRAPPER_EXTENSION = app;
			};
			name = Release;
		};
		8B6F17BB2676289C00C4A3E9 /* Debug */ = {
			isa = XCBuildConfiguration;
			buildSettings = {
				BUNDLE_LOADER = "$(BUILT_PRODUCTS_DIR)/RiderTracker.app/RiderTracker";
				FRAMEWORK_SEARCH_PATHS = (
					"$(SDKROOT)/Developer/Library/Frameworks",
					"$(inherited)",
					"$(DEVELOPER_FRAMEWORKS_DIR)",
				);
				GCC_PRECOMPILE_PREFIX_HEADER = YES;
				GCC_PREFIX_HEADER = "RiderTracker/RiderTracker-Prefix.pch";
				GCC_PREPROCESSOR_DEFINITIONS = (
					"DEBUG=1",
					"$(inherited)",
				);
				INFOPLIST_FILE = "RiderTrackerTests/RiderTrackerTests-Info.plist";
				PRODUCT_NAME = "$(TARGET_NAME)";
				TEST_HOST = "$(BUNDLE_LOADER)";
				WRAPPER_EXTENSION = xctest;
			};
			name = Debug;
		};
		8B6F17BC2676289C00C4A3E9 /* Release */ = {
			isa = XCBuildConfiguration;
			buildSettings = {
				BUNDLE_LOADER = "$(BUILT_PRODUCTS_DIR)/RiderTracker.app/RiderTracker";
				FRAMEWORK_SEARCH_PATHS = (
					"$(SDKROOT)/Developer/Library/Frameworks",
					"$(inherited)",
					"$(DEVELOPER_FRAMEWORKS_DIR)",
				);
				GCC_PRECOMPILE_PREFIX_HEADER = YES;
				GCC_PREFIX_HEADER = "RiderTracker/RiderTracker-Prefix.pch";
				INFOPLIST_FILE = "RiderTrackerTests/RiderTrackerTests-Info.plist";
				PRODUCT_NAME = "$(TARGET_NAME)";
				TEST_HOST = "$(BUNDLE_LOADER)";
				WRAPPER_EXTENSION = xctest;
			};
			name = Release;
		};
/* End XCBuildConfiguration section */

/* Begin XCConfigurationList section */
		8B6F17742676289C00C4A3E9 /* Build configuration list for PBXProject "RiderTracker" */ = {
			isa = XCConfigurationList;
			buildConfigurations = (
				8B6F17B52676289C00C4A3E9 /* Debug */,
				8B6F17B62676289C00C4A3E9 /* Release */,
			);
			defaultConfigurationIsVisible = 0;
			defaultConfigurationName = Release;
		};
		8B6F17B72676289C00C4A3E9 /* Build configuration list for PBXNativeTarget "RiderTracker" */ = {
			isa = XCConfigurationList;
			buildConfigurations = (
				8B6F17B82676289C00C4A3E9 /* Debug */,
				8B6F17B92676289C00C4A3E9 /* Release */,
			);
			defaultConfigurationIsVisible = 0;
		};
		8B6F17BA2676289C00C4A3E9 /* Build configuration list for PBXNativeTarget "RiderTrackerTests" */ = {
			isa = XCConfigurationList;
			buildConfigurations = (
				8B6F17BB2676289C00C4A3E9 /* Debug */,
				8B6F17BC2676289C00C4A3E9 /* Release */,
			);
			defaultConfigurationIsVisible = 0;
		};
/* End XCConfigurationList section */

/* Begin XCVersionGroup section */
		8B6F17962676289C00C4A3E9 /* RiderTracker.xcdatamodeld */ = {
			isa = XCVersionGroup;
			children = (
				8B6F17972676289C00C4A3E9 /* RiderTracker.xcdatamodel */,
			);
			currentVersion = 8B6F17972676289C00C4A3E9 /* RiderTracker.xcdatamodel */;
			path = RiderTracker.xcdatamodeld;
			sourceTree = "<group>";
			versionGroupType = wrapper.xcdatamodel;
		};
/* End XCVersionGroup section */
	};
	rootObject = 8B6F17712676289C00C4A3E9 /* Project object */;
}
